
Microsoft Visual Studio Solution File, Format Version 12.00
# Visual Studio Version 16
VisualStudioVersion = 16.0.31729.503
MinimumVisualStudioVersion = 10.0.40219.1
Project("{FAE04EC0-301F-11D3-BF4B-00C04F79EFBC}") = "Projeto_DOS", "Projeto_DOS\Projeto_DOS.csproj", "{FA3A82B7-0514-484F-85D5-3B409392523D}"
EndProject
Global
	GlobalSection(SolutionConfigurationPlatforms) = preSolution
		Debug|Any CPU = Debug|Any CPU
		Release|Any CPU = Release|Any CPU
	EndGlobalSection
	GlobalSection(ProjectConfigurationPlatforms) = postSolution
		{FA3A82B7-0514-484F-85D5-3B409392523D}.Debug|Any CPU.ActiveCfg = Debug|Any CPU
		{FA3A82B7-0514-484F-85D5-3B409392523D}.Debug|Any CPU.Build.0 = Debug|Any CPU
		{FA3A82B7-0514-484F-85D5-3B409392523D}.Release|Any CPU.ActiveCfg = Release|Any CPU
		{FA3A82B7-0514-484F-85D5-3B409392523D}.Release|Any CPU.Build.0 = Release|Any CPU
	EndGlobalSection
	GlobalSection(SolutionProperties) = preSolution
		HideSolutionNode = FALSE
	EndGlobalSection
	GlobalSection(ExtensibilityGlobals) = postSolution
		SolutionGuid = {E651330D-D551-4D60-A5DA-7D4E575E765A}
	EndGlobalSection
EndGlobal
